
Microsoft Visual Studio Solution File, Format Version 12.00
# Visual Studio 15
VisualStudioVersion = 15.0.28010.2003
MinimumVisualStudioVersion = 10.0.40219.1
Project("{FAE04EC0-301F-11D3-BF4B-00C04F79EFBC}") = "WFVenteSki", "WFVenteSki\WFVenteSki.csproj", "{BED30765-4BBB-4F38-8882-A761DFFB1CE3}"
EndProject
Global
	GlobalSection(SolutionConfigurationPlatforms) = preSolution
		Debug|Any CPU = Debug|Any CPU
		Release|Any CPU = Release|Any CPU
	EndGlobalSection
	GlobalSection(ProjectConfigurationPlatforms) = postSolution
		{BED30765-4BBB-4F38-8882-A761DFFB1CE3}.Debug|Any CPU.ActiveCfg = Debug|Any CPU
		{BED30765-4BBB-4F38-8882-A761DFFB1CE3}.Debug|Any CPU.Build.0 = Debug|Any CPU
		{BED30765-4BBB-4F38-8882-A761DFFB1CE3}.Release|Any CPU.ActiveCfg = Release|Any CPU
		{BED30765-4BBB-4F38-8882-A761DFFB1CE3}.Release|Any CPU.Build.0 = Release|Any CPU
	EndGlobalSection
	GlobalSection(SolutionProperties) = preSolution
		HideSolutionNode = FALSE
	EndGlobalSection
	GlobalSection(ExtensibilityGlobals) = postSolution
		SolutionGuid = {5C5D409F-CACD-4B39-8DD2-A4080A994489}
	EndGlobalSection
EndGlobal
