
Microsoft Visual Studio Solution File, Format Version 12.00
# Visual Studio 15
VisualStudioVersion = 15.0.28307.136
MinimumVisualStudioVersion = 10.0.40219.1
Project("{FAE04EC0-301F-11D3-BF4B-00C04F79EFBC}") = "WFCapitales", "WFCapitales\WFCapitales.csproj", "{237AE61B-969A-407E-9EF6-A62845629F8E}"
EndProject
Project("{FAE04EC0-301F-11D3-BF4B-00C04F79EFBC}") = "UnitTestProject1", "UnitTestProject1\UnitTestProject1.csproj", "{43950D58-74C2-4F66-8FC4-BF793F88ABBF}"
EndProject
Global
	GlobalSection(SolutionConfigurationPlatforms) = preSolution
		Debug|Any CPU = Debug|Any CPU
		Release|Any CPU = Release|Any CPU
	EndGlobalSection
	GlobalSection(ProjectConfigurationPlatforms) = postSolution
		{237AE61B-969A-407E-9EF6-A62845629F8E}.Debug|Any CPU.ActiveCfg = Debug|Any CPU
		{237AE61B-969A-407E-9EF6-A62845629F8E}.Debug|Any CPU.Build.0 = Debug|Any CPU
		{237AE61B-969A-407E-9EF6-A62845629F8E}.Release|Any CPU.ActiveCfg = Release|Any CPU
		{237AE61B-969A-407E-9EF6-A62845629F8E}.Release|Any CPU.Build.0 = Release|Any CPU
		{43950D58-74C2-4F66-8FC4-BF793F88ABBF}.Debug|Any CPU.ActiveCfg = Debug|Any CPU
		{43950D58-74C2-4F66-8FC4-BF793F88ABBF}.Debug|Any CPU.Build.0 = Debug|Any CPU
		{43950D58-74C2-4F66-8FC4-BF793F88ABBF}.Release|Any CPU.ActiveCfg = Release|Any CPU
		{43950D58-74C2-4F66-8FC4-BF793F88ABBF}.Release|Any CPU.Build.0 = Release|Any CPU
	EndGlobalSection
	GlobalSection(SolutionProperties) = preSolution
		HideSolutionNode = FALSE
	EndGlobalSection
	GlobalSection(ExtensibilityGlobals) = postSolution
		SolutionGuid = {20EDCA1F-C5A4-43ED-8A0B-3A8AB99638BD}
	EndGlobalSection
EndGlobal
