
Microsoft Visual Studio Solution File, Format Version 12.00
# Visual Studio 15
VisualStudioVersion = 15.0.27130.2024
MinimumVisualStudioVersion = 10.0.40219.1
Project("{FAE04EC0-301F-11D3-BF4B-00C04F79EFBC}") = "WFCompareMD5", "WFCompareMD5\WFCompareMD5.csproj", "{616F8C25-4AD9-43FB-9785-A987A526AB13}"
EndProject
Global
	GlobalSection(SolutionConfigurationPlatforms) = preSolution
		Debug|Any CPU = Debug|Any CPU
		Release|Any CPU = Release|Any CPU
	EndGlobalSection
	GlobalSection(ProjectConfigurationPlatforms) = postSolution
		{616F8C25-4AD9-43FB-9785-A987A526AB13}.Debug|Any CPU.ActiveCfg = Debug|Any CPU
		{616F8C25-4AD9-43FB-9785-A987A526AB13}.Debug|Any CPU.Build.0 = Debug|Any CPU
		{616F8C25-4AD9-43FB-9785-A987A526AB13}.Release|Any CPU.ActiveCfg = Release|Any CPU
		{616F8C25-4AD9-43FB-9785-A987A526AB13}.Release|Any CPU.Build.0 = Release|Any CPU
	EndGlobalSection
	GlobalSection(SolutionProperties) = preSolution
		HideSolutionNode = FALSE
	EndGlobalSection
	GlobalSection(ExtensibilityGlobals) = postSolution
		SolutionGuid = {898C2E74-679F-473D-854B-2A7EF792765B}
	EndGlobalSection
EndGlobal
