
Microsoft Visual Studio Solution File, Format Version 12.00
# Visual Studio 15
VisualStudioVersion = 15.0.28307.136
MinimumVisualStudioVersion = 10.0.40219.1
Project("{FAE04EC0-301F-11D3-BF4B-00C04F79EFBC}") = "WFBombeLapin", "WFBombeLapin\WFBombeLapin.csproj", "{7DD270B1-7DD0-4D50-A63E-8F6A743FEF9C}"
EndProject
Global
	GlobalSection(SolutionConfigurationPlatforms) = preSolution
		Debug|Any CPU = Debug|Any CPU
		Release|Any CPU = Release|Any CPU
	EndGlobalSection
	GlobalSection(ProjectConfigurationPlatforms) = postSolution
		{7DD270B1-7DD0-4D50-A63E-8F6A743FEF9C}.Debug|Any CPU.ActiveCfg = Debug|Any CPU
		{7DD270B1-7DD0-4D50-A63E-8F6A743FEF9C}.Debug|Any CPU.Build.0 = Debug|Any CPU
		{7DD270B1-7DD0-4D50-A63E-8F6A743FEF9C}.Release|Any CPU.ActiveCfg = Release|Any CPU
		{7DD270B1-7DD0-4D50-A63E-8F6A743FEF9C}.Release|Any CPU.Build.0 = Release|Any CPU
	EndGlobalSection
	GlobalSection(SolutionProperties) = preSolution
		HideSolutionNode = FALSE
	EndGlobalSection
	GlobalSection(ExtensibilityGlobals) = postSolution
		SolutionGuid = {FE9D6D46-F5CA-4708-AC1F-EE34A010D653}
	EndGlobalSection
EndGlobal
